
Microsoft Visual Studio Solution File, Format Version 12.00
# Visual Studio Version 17
VisualStudioVersion = 17.7.34031.279
MinimumVisualStudioVersion = 10.0.40219.1
Project("{FAE04EC0-301F-11D3-BF4B-00C04F79EFBC}") = "Hometask2.5Logger", "Hometask2.5Logger\Hometask2.5Logger.csproj", "{82E5ABA9-A4EA-48AE-9EBE-4F7B1E95BC9B}"
EndProject
Global
	GlobalSection(SolutionConfigurationPlatforms) = preSolution
		Debug|Any CPU = Debug|Any CPU
		Release|Any CPU = Release|Any CPU
	EndGlobalSection
	GlobalSection(ProjectConfigurationPlatforms) = postSolution
		{82E5ABA9-A4EA-48AE-9EBE-4F7B1E95BC9B}.Debug|Any CPU.ActiveCfg = Debug|Any CPU
		{82E5ABA9-A4EA-48AE-9EBE-4F7B1E95BC9B}.Debug|Any CPU.Build.0 = Debug|Any CPU
		{82E5ABA9-A4EA-48AE-9EBE-4F7B1E95BC9B}.Release|Any CPU.ActiveCfg = Release|Any CPU
		{82E5ABA9-A4EA-48AE-9EBE-4F7B1E95BC9B}.Release|Any CPU.Build.0 = Release|Any CPU
	EndGlobalSection
	GlobalSection(SolutionProperties) = preSolution
		HideSolutionNode = FALSE
	EndGlobalSection
	GlobalSection(ExtensibilityGlobals) = postSolution
		SolutionGuid = {6869F142-C24F-4BCA-A929-89E0D755872F}
	EndGlobalSection
EndGlobal
