
Microsoft Visual Studio Solution File, Format Version 12.00
# Visual Studio Version 17
VisualStudioVersion = 17.7.34031.279
MinimumVisualStudioVersion = 10.0.40219.1
Project("{FAE04EC0-301F-11D3-BF4B-00C04F79EFBC}") = "HometaskSortTheElementsOfTheArray", "HometaskSortTheElementsOfTheArray\HometaskSortTheElementsOfTheArray.csproj", "{0477A5E3-D2E4-40F0-B6CF-32C74F0218EB}"
EndProject
Global
	GlobalSection(SolutionConfigurationPlatforms) = preSolution
		Debug|Any CPU = Debug|Any CPU
		Release|Any CPU = Release|Any CPU
	EndGlobalSection
	GlobalSection(ProjectConfigurationPlatforms) = postSolution
		{0477A5E3-D2E4-40F0-B6CF-32C74F0218EB}.Debug|Any CPU.ActiveCfg = Debug|Any CPU
		{0477A5E3-D2E4-40F0-B6CF-32C74F0218EB}.Debug|Any CPU.Build.0 = Debug|Any CPU
		{0477A5E3-D2E4-40F0-B6CF-32C74F0218EB}.Release|Any CPU.ActiveCfg = Release|Any CPU
		{0477A5E3-D2E4-40F0-B6CF-32C74F0218EB}.Release|Any CPU.Build.0 = Release|Any CPU
	EndGlobalSection
	GlobalSection(SolutionProperties) = preSolution
		HideSolutionNode = FALSE
	EndGlobalSection
	GlobalSection(ExtensibilityGlobals) = postSolution
		SolutionGuid = {2AF1D16E-AA1E-4D71-90AC-9418F688E405}
	EndGlobalSection
EndGlobal
