
Microsoft Visual Studio Solution File, Format Version 12.00
# Visual Studio Version 17
VisualStudioVersion = 17.7.34031.279
MinimumVisualStudioVersion = 10.0.40219.1
Project("{FAE04EC0-301F-11D3-BF4B-00C04F79EFBC}") = "MessageBoxHomeTask", "MessageBox\MessageBoxHomeTask.csproj", "{8FAF9252-A83D-4D1B-BCE4-945438AA6313}"
EndProject
Global
	GlobalSection(SolutionConfigurationPlatforms) = preSolution
		Debug|Any CPU = Debug|Any CPU
		Release|Any CPU = Release|Any CPU
	EndGlobalSection
	GlobalSection(ProjectConfigurationPlatforms) = postSolution
		{8FAF9252-A83D-4D1B-BCE4-945438AA6313}.Debug|Any CPU.ActiveCfg = Debug|Any CPU
		{8FAF9252-A83D-4D1B-BCE4-945438AA6313}.Debug|Any CPU.Build.0 = Debug|Any CPU
		{8FAF9252-A83D-4D1B-BCE4-945438AA6313}.Release|Any CPU.ActiveCfg = Release|Any CPU
		{8FAF9252-A83D-4D1B-BCE4-945438AA6313}.Release|Any CPU.Build.0 = Release|Any CPU
	EndGlobalSection
	GlobalSection(SolutionProperties) = preSolution
		HideSolutionNode = FALSE
	EndGlobalSection
	GlobalSection(ExtensibilityGlobals) = postSolution
		SolutionGuid = {0C03B29F-6E50-49CA-9FBE-738921BA7C09}
	EndGlobalSection
EndGlobal
