
Microsoft Visual Studio Solution File, Format Version 12.00
# Visual Studio Version 17
VisualStudioVersion = 17.7.34031.279
MinimumVisualStudioVersion = 10.0.40219.1
Project("{FAE04EC0-301F-11D3-BF4B-00C04F79EFBC}") = "CreateAsynchronousMethod", "CreateAsynchronousMethod\CreateAsynchronousMethod.csproj", "{2062F80C-16F4-4C97-BD28-D11D75AEBDEA}"
EndProject
Global
	GlobalSection(SolutionConfigurationPlatforms) = preSolution
		Debug|Any CPU = Debug|Any CPU
		Release|Any CPU = Release|Any CPU
	EndGlobalSection
	GlobalSection(ProjectConfigurationPlatforms) = postSolution
		{2062F80C-16F4-4C97-BD28-D11D75AEBDEA}.Debug|Any CPU.ActiveCfg = Debug|Any CPU
		{2062F80C-16F4-4C97-BD28-D11D75AEBDEA}.Debug|Any CPU.Build.0 = Debug|Any CPU
		{2062F80C-16F4-4C97-BD28-D11D75AEBDEA}.Release|Any CPU.ActiveCfg = Release|Any CPU
		{2062F80C-16F4-4C97-BD28-D11D75AEBDEA}.Release|Any CPU.Build.0 = Release|Any CPU
	EndGlobalSection
	GlobalSection(SolutionProperties) = preSolution
		HideSolutionNode = FALSE
	EndGlobalSection
	GlobalSection(ExtensibilityGlobals) = postSolution
		SolutionGuid = {55218043-E992-43AA-B746-40301474336F}
	EndGlobalSection
EndGlobal
