
Microsoft Visual Studio Solution File, Format Version 12.00
# Visual Studio Version 17
VisualStudioVersion = 17.7.34031.279
MinimumVisualStudioVersion = 10.0.40219.1
Project("{FAE04EC0-301F-11D3-BF4B-00C04F79EFBC}") = "3.3HomeWorkDelegate", "3.3HomeWorkDelegate\3.3HomeWorkDelegate.csproj", "{BBCAB439-1393-4DF8-B4BB-A212C267DF31}"
EndProject
Global
	GlobalSection(SolutionConfigurationPlatforms) = preSolution
		Debug|Any CPU = Debug|Any CPU
		Release|Any CPU = Release|Any CPU
	EndGlobalSection
	GlobalSection(ProjectConfigurationPlatforms) = postSolution
		{BBCAB439-1393-4DF8-B4BB-A212C267DF31}.Debug|Any CPU.ActiveCfg = Debug|Any CPU
		{BBCAB439-1393-4DF8-B4BB-A212C267DF31}.Debug|Any CPU.Build.0 = Debug|Any CPU
		{BBCAB439-1393-4DF8-B4BB-A212C267DF31}.Release|Any CPU.ActiveCfg = Release|Any CPU
		{BBCAB439-1393-4DF8-B4BB-A212C267DF31}.Release|Any CPU.Build.0 = Release|Any CPU
	EndGlobalSection
	GlobalSection(SolutionProperties) = preSolution
		HideSolutionNode = FALSE
	EndGlobalSection
	GlobalSection(ExtensibilityGlobals) = postSolution
		SolutionGuid = {2D725C4E-F0A4-486F-A236-F9C317E5E0BA}
	EndGlobalSection
EndGlobal
