
Microsoft Visual Studio Solution File, Format Version 12.00
# Visual Studio Version 17
VisualStudioVersion = 17.7.34031.279
MinimumVisualStudioVersion = 10.0.40219.1
Project("{FAE04EC0-301F-11D3-BF4B-00C04F79EFBC}") = "ListOfContacts", "ListOfContacts\ListOfContacts.csproj", "{666AE042-8F0B-4F8C-B971-4B32A3124758}"
EndProject
Global
	GlobalSection(SolutionConfigurationPlatforms) = preSolution
		Debug|Any CPU = Debug|Any CPU
		Release|Any CPU = Release|Any CPU
	EndGlobalSection
	GlobalSection(ProjectConfigurationPlatforms) = postSolution
		{666AE042-8F0B-4F8C-B971-4B32A3124758}.Debug|Any CPU.ActiveCfg = Debug|Any CPU
		{666AE042-8F0B-4F8C-B971-4B32A3124758}.Debug|Any CPU.Build.0 = Debug|Any CPU
		{666AE042-8F0B-4F8C-B971-4B32A3124758}.Release|Any CPU.ActiveCfg = Release|Any CPU
		{666AE042-8F0B-4F8C-B971-4B32A3124758}.Release|Any CPU.Build.0 = Release|Any CPU
	EndGlobalSection
	GlobalSection(SolutionProperties) = preSolution
		HideSolutionNode = FALSE
	EndGlobalSection
	GlobalSection(ExtensibilityGlobals) = postSolution
		SolutionGuid = {CC592CA5-70C7-4769-958F-02DA526DA8FD}
	EndGlobalSection
EndGlobal
