
Microsoft Visual Studio Solution File, Format Version 12.00
# Visual Studio Version 17
VisualStudioVersion = 17.7.34031.279
MinimumVisualStudioVersion = 10.0.40219.1
Project("{FAE04EC0-301F-11D3-BF4B-00C04F79EFBC}") = "CreateDBContext", "CreateDBContext\CreateDBContext.csproj", "{4A01C947-7036-4EFA-87CE-FF7496908C72}"
EndProject
Global
	GlobalSection(SolutionConfigurationPlatforms) = preSolution
		Debug|Any CPU = Debug|Any CPU
		Release|Any CPU = Release|Any CPU
	EndGlobalSection
	GlobalSection(ProjectConfigurationPlatforms) = postSolution
		{4A01C947-7036-4EFA-87CE-FF7496908C72}.Debug|Any CPU.ActiveCfg = Debug|Any CPU
		{4A01C947-7036-4EFA-87CE-FF7496908C72}.Debug|Any CPU.Build.0 = Debug|Any CPU
		{4A01C947-7036-4EFA-87CE-FF7496908C72}.Release|Any CPU.ActiveCfg = Release|Any CPU
		{4A01C947-7036-4EFA-87CE-FF7496908C72}.Release|Any CPU.Build.0 = Release|Any CPU
	EndGlobalSection
	GlobalSection(SolutionProperties) = preSolution
		HideSolutionNode = FALSE
	EndGlobalSection
	GlobalSection(ExtensibilityGlobals) = postSolution
		SolutionGuid = {0A5C0DC8-0FD6-4A6C-A7C6-BDD4603B5817}
	EndGlobalSection
EndGlobal
